github.com/rtemka/caesarcypher v1.0.0 h1:b0V8evYLrTocQdBQShGSBm20jt5TsUIgx/boNL6iriM=
github.com/rtemka/caesarcypher v1.0.0/go.mod h1:UkMZOwsn1P2TDU4jayn5VLYtmPsrod/Hmf/h83UM9Fs=
github.com/rtemka/caesarcypher v1.1.0 h1:mrSKFhhdoXbI2sFJFDld1Mp2IfzKIzy4v5UIdmyrV3Q=
github.com/rtemka/caesarcypher v1.1.0/go.mod h1:UkMZOwsn1P2TDU4jayn5VLYtmPsrod/Hmf/h83UM9Fs=
